
Microsoft Visual Studio Solution File, Format Version 12.00
Project("{FAE04EC0-301F-11D3-BF4B-00C04F79EFBC}") = "BasicMessageStore", "BasicMessageStore\BasicMessageStore.csproj", "{CF14A0AF-DB0A-4486-975E-3E9BB4BB5B45}"
EndProject
Project("{FAE04EC0-301F-11D3-BF4B-00C04F79EFBC}") = "BasicMessageStore.Test", "BasicMessageStore.Test\BasicMessageStore.Test.csproj", "{4AE5C634-3706-4344-9399-729872B2FB02}"
EndProject
Global
	GlobalSection(SolutionConfigurationPlatforms) = preSolution
		Debug|Any CPU = Debug|Any CPU
		Release|Any CPU = Release|Any CPU
	EndGlobalSection
	GlobalSection(ProjectConfigurationPlatforms) = postSolution
		{CF14A0AF-DB0A-4486-975E-3E9BB4BB5B45}.Debug|Any CPU.ActiveCfg = Debug|Any CPU
		{CF14A0AF-DB0A-4486-975E-3E9BB4BB5B45}.Debug|Any CPU.Build.0 = Debug|Any CPU
		{CF14A0AF-DB0A-4486-975E-3E9BB4BB5B45}.Release|Any CPU.ActiveCfg = Release|Any CPU
		{CF14A0AF-DB0A-4486-975E-3E9BB4BB5B45}.Release|Any CPU.Build.0 = Release|Any CPU
		{4AE5C634-3706-4344-9399-729872B2FB02}.Debug|Any CPU.ActiveCfg = Debug|Any CPU
		{4AE5C634-3706-4344-9399-729872B2FB02}.Debug|Any CPU.Build.0 = Debug|Any CPU
		{4AE5C634-3706-4344-9399-729872B2FB02}.Release|Any CPU.ActiveCfg = Release|Any CPU
		{4AE5C634-3706-4344-9399-729872B2FB02}.Release|Any CPU.Build.0 = Release|Any CPU
	EndGlobalSection
EndGlobal
